// !$*UTF8*$!
{
	archiveVersion = 1;
	classes = {
	};
	objectVersion = 50;
	objects = {

/* Begin PBXBuildFile section */
		0460388D264FE01B005FC3DF /* AppDelegate.swift in Sources */ = {isa = PBXBuildFile; fileRef = 0460388C264FE01B005FC3DF /* AppDelegate.swift */; };
		0460388F264FE01B005FC3DF /* SceneDelegate.swift in Sources */ = {isa = PBXBuildFile; fileRef = 0460388E264FE01B005FC3DF /* SceneDelegate.swift */; };
		04603891264FE01B005FC3DF /* ContentView.swift in Sources */ = {isa = PBXBuildFile; fileRef = 04603890264FE01B005FC3DF /* ContentView.swift */; };
		04603893264FE01C005FC3DF /* Assets.xcassets in Resources */ = {isa = PBXBuildFile; fileRef = 04603892264FE01C005FC3DF /* Assets.xcassets */; };
		04603896264FE01C005FC3DF /* Preview Assets.xcassets in Resources */ = {isa = PBXBuildFile; fileRef = 04603895264FE01C005FC3DF /* Preview Assets.xcassets */; };
		04603899264FE01C005FC3DF /* LaunchScreen.storyboard in Resources */ = {isa = PBXBuildFile; fileRef = 04603897264FE01C005FC3DF /* LaunchScreen.storyboard */; };
		046038A3264FE049005FC3DF /* weather.swift in Sources */ = {isa = PBXBuildFile; fileRef = 046038A2264FE049005FC3DF /* weather.swift */; };
		046038A8264FE148005FC3DF /* weatherservice.swift in Sources */ = {isa = PBXBuildFile; fileRef = 046038A7264FE148005FC3DF /* weatherservice.swift */; };
		046038AC264FE7B7005FC3DF /* weatherViewModel.swift in Sources */ = {isa = PBXBuildFile; fileRef = 046038AB264FE7B7005FC3DF /* weatherViewModel.swift */; };
/* End PBXBuildFile section */

/* Begin PBXFileReference section */
		04603889264FE01B005FC3DF /* weatherapi.app */ = {isa = PBXFileReference; explicitFileType = wrapper.application; includeInIndex = 0; path = weatherapi.app; sourceTree = BUILT_PRODUCTS_DIR; };
		0460388C264FE01B005FC3DF /* AppDelegate.swift */ = {isa = PBXFileReference; lastKnownFileType = sourcecode.swift; path = AppDelegate.swift; sourceTree = "<group>"; };
		0460388E264FE01B005FC3DF /* SceneDelegate.swift */ = {isa = PBXFileReference; lastKnownFileType = sourcecode.swift; path = SceneDelegate.swift; sourceTree = "<group>"; };
		04603890264FE01B005FC3DF /* ContentView.swift */ = {isa = PBXFileReference; lastKnownFileType = sourcecode.swift; path = ContentView.swift; sourceTree = "<group>"; };
		04603892264FE01C005FC3DF /* Assets.xcassets */ = {isa = PBXFileReference; lastKnownFileType = folder.assetcatalog; path = Assets.xcassets; sourceTree = "<group>"; };
		04603895264FE01C005FC3DF /* Preview Assets.xcassets */ = {isa = PBXFileReference; lastKnownFileType = folder.assetcatalog; path = "Preview Assets.xcassets"; sourceTree = "<group>"; };
		04603898264FE01C005FC3DF /* Base */ = {isa = PBXFileReference; lastKnownFileType = file.storyboard; name = Base; path = Base.lproj/LaunchScreen.storyboard; sourceTree = "<group>"; };
		0460389A264FE01C005FC3DF /* Info.plist */ = {isa = PBXFileReference; lastKnownFileType = text.plist.xml; path = Info.plist; sourceTree = "<group>"; };
		046038A2264FE049005FC3DF /* weather.swift */ = {isa = PBXFileReference; lastKnownFileType = sourcecode.swift; path = weather.swift; sourceTree = "<group>"; };
		046038A7264FE148005FC3DF /* weatherservice.swift */ = {isa = PBXFileReference; lastKnownFileType = sourcecode.swift; path = weatherservice.swift; sourceTree = "<group>"; };
		046038AB264FE7B7005FC3DF /* weatherViewModel.swift */ = {isa = PBXFileReference; lastKnownFileType = sourcecode.swift; path = weatherViewModel.swift; sourceTree = "<group>"; };
/* End PBXFileReference section */

/* Begin PBXFrameworksBuildPhase section */
		04603886264FE01B005FC3DF /* Frameworks */ = {
			isa = PBXFrameworksBuildPhase;
			buildActionMask = 2147483647;
			files = (
			);
			runOnlyForDeploymentPostprocessing = 0;
		};
/* End PBXFrameworksBuildPhase section */

/* Begin PBXGroup section */
		04603880264FE01B005FC3DF = {
			isa = PBXGroup;
			children = (
				0460388B264FE01B005FC3DF /* weatherapi */,
				0460388A264FE01B005FC3DF /* Products */,
			);
			sourceTree = "<group>";
		};
		0460388A264FE01B005FC3DF /* Products */ = {
			isa = PBXGroup;
			children = (
				04603889264FE01B005FC3DF /* weatherapi.app */,
			);
			name = Products;
			sourceTree = "<group>";
		};
		0460388B264FE01B005FC3DF /* weatherapi */ = {
			isa = PBXGroup;
			children = (
				046038AA264FE79B005FC3DF /* viewmodel */,
				046038A6264FE133005FC3DF /* services */,
				046038A1264FE028005FC3DF /* model */,
				0460388C264FE01B005FC3DF /* AppDelegate.swift */,
				0460388E264FE01B005FC3DF /* SceneDelegate.swift */,
				04603890264FE01B005FC3DF /* ContentView.swift */,
				04603892264FE01C005FC3DF /* Assets.xcassets */,
				04603897264FE01C005FC3DF /* LaunchScreen.storyboard */,
				0460389A264FE01C005FC3DF /* Info.plist */,
				04603894264FE01C005FC3DF /* Preview Content */,
			);
			path = weatherapi;
			sourceTree = "<group>";
		};
		04603894264FE01C005FC3DF /* Preview Content */ = {
			isa = PBXGroup;
			children = (
				04603895264FE01C005FC3DF /* Preview Assets.xcassets */,
			);
			path = "Preview Content";
			sourceTree = "<group>";
		};
		046038A1264FE028005FC3DF /* model */ = {
			isa = PBXGroup;
			children = (
				046038A2264FE049005FC3DF /* weather.swift */,
			);
			path = model;
			sourceTree = "<group>";
		};
		046038A6264FE133005FC3DF /* services */ = {
			isa = PBXGroup;
			children = (
				046038A7264FE148005FC3DF /* weatherservice.swift */,
			);
			path = services;
			sourceTree = "<group>";
		};
		046038AA264FE79B005FC3DF /* viewmodel */ = {
			isa = PBXGroup;
			children = (
				046038AB264FE7B7005FC3DF /* weatherViewModel.swift */,
			);
			path = viewmodel;
			sourceTree = "<group>";
		};
/* End PBXGroup section */

/* Begin PBXNativeTarget section */
		04603888264FE01B005FC3DF /* weatherapi */ = {
			isa = PBXNativeTarget;
			buildConfigurationList = 0460389D264FE01C005FC3DF /* Build configuration list for PBXNativeTarget "weatherapi" */;
			buildPhases = (
				04603885264FE01B005FC3DF /* Sources */,
				04603886264FE01B005FC3DF /* Frameworks */,
				04603887264FE01B005FC3DF /* Resources */,
			);
			buildRules = (
			);
			dependencies = (
			);
			name = weatherapi;
			productName = weatherapi;
			productReference = 04603889264FE01B005FC3DF /* weatherapi.app */;
			productType = "com.apple.product-type.application";
		};
/* End PBXNativeTarget section */

/* Begin PBXProject section */
		04603881264FE01B005FC3DF /* Project object */ = {
			isa = PBXProject;
			attributes = {
				LastSwiftUpdateCheck = 1230;
				LastUpgradeCheck = 1230;
				TargetAttributes = {
					04603888264FE01B005FC3DF = {
						CreatedOnToolsVersion = 12.3;
					};
				};
			};
			buildConfigurationList = 04603884264FE01B005FC3DF /* Build configuration list for PBXProject "weatherapi" */;
			compatibilityVersion = "Xcode 9.3";
			developmentRegion = en;
			hasScannedForEncodings = 0;
			knownRegions = (
				en,
				Base,
			);
			mainGroup = 04603880264FE01B005FC3DF;
			productRefGroup = 0460388A264FE01B005FC3DF /* Products */;
			projectDirPath = "";
			projectRoot = "";
			targets = (
				04603888264FE01B005FC3DF /* weatherapi */,
			);
		};
/* End PBXProject section */

/* Begin PBXResourcesBuildPhase section */
		04603887264FE01B005FC3DF /* Resources */ = {
			isa = PBXResourcesBuildPhase;
			buildActionMask = 2147483647;
			files = (
				04603899264FE01C005FC3DF /* LaunchScreen.storyboard in Resources */,
				04603896264FE01C005FC3DF /* Preview Assets.xcassets in Resources */,
				04603893264FE01C005FC3DF /* Assets.xcassets in Resources */,
			);
			runOnlyForDeploymentPostprocessing = 0;
		};
/* End PBXResourcesBuildPhase section */

/* Begin PBXSourcesBuildPhase section */
		04603885264FE01B005FC3DF /* Sources */ = {
			isa = PBXSourcesBuildPhase;
			buildActionMask = 2147483647;
			files = (
				046038A8264FE148005FC3DF /* weatherservice.swift in Sources */,
				046038A3264FE049005FC3DF /* weather.swift in Sources */,
				0460388D264FE01B005FC3DF /* AppDelegate.swift in Sources */,
				0460388F264FE01B005FC3DF /* SceneDelegate.swift in Sources */,
				04603891264FE01B005FC3DF /* ContentView.swift in Sources */,
				046038AC264FE7B7005FC3DF /* weatherViewModel.swift in Sources */,
			);
			runOnlyForDeploymentPostprocessing = 0;
		};
/* End PBXSourcesBuildPhase section */

/* Begin PBXVariantGroup section */
		04603897264FE01C005FC3DF /* LaunchScreen.storyboard */ = {
			isa = PBXVariantGroup;
			children = (
				04603898264FE01C005FC3DF /* Base */,
			);
			name = LaunchScreen.storyboard;
			sourceTree = "<group>";
		};
/* End PBXVariantGroup section */

/* Begin XCBuildConfiguration section */
		0460389B264FE01C005FC3DF /* Debug */ = {
			isa = XCBuildConfiguration;
			buildSettings = {
				ALWAYS_SEARCH_USER_PATHS = NO;
				CLANG_ANALYZER_NONNULL = YES;
				CLANG_ANALYZER_NUMBER_OBJECT_CONVERSION = YES_AGGRESSIVE;
				CLANG_CXX_LANGUAGE_STANDARD = "gnu++14";
				CLANG_CXX_LIBRARY = "libc++";
				CLANG_ENABLE_MODULES = YES;
				CLANG_ENABLE_OBJC_ARC = YES;
				CLANG_ENABLE_OBJC_WEAK = YES;
				CLANG_WARN_BLOCK_CAPTURE_AUTORELEASING = YES;
				CLANG_WARN_BOOL_CONVERSION = YES;
				CLANG_WARN_COMMA = YES;
				CLANG_WARN_CONSTANT_CONVERSION = YES;
				CLANG_WARN_DEPRECATED_OBJC_IMPLEMENTATIONS = YES;
				CLANG_WARN_DIRECT_OBJC_ISA_USAGE = YES_ERROR;
				CLANG_WARN_DOCUMENTATION_COMMENTS = YES;
				CLANG_WARN_EMPTY_BODY = YES;
				CLANG_WARN_ENUM_CONVERSION = YES;
				CLANG_WARN_INFINITE_RECURSION = YES;
				CLANG_WARN_INT_CONVERSION = YES;
				CLANG_WARN_NON_LITERAL_NULL_CONVERSION = YES;
				CLANG_WARN_OBJC_IMPLICIT_RETAIN_SELF = YES;
				CLANG_WARN_OBJC_LITERAL_CONVERSION = YES;
				CLANG_WARN_OBJC_ROOT_CLASS = YES_ERROR;
				CLANG_WARN_QUOTED_INCLUDE_IN_FRAMEWORK_HEADER = YES;
				CLANG_WARN_RANGE_LOOP_ANALYSIS = YES;
				CLANG_WARN_STRICT_PROTOTYPES = YES;
				CLANG_WARN_SUSPICIOUS_MOVE = YES;
				CLANG_WARN_UNGUARDED_AVAILABILITY = YES_AGGRESSIVE;
				CLANG_WARN_UNREACHABLE_CODE = YES;
				CLANG_WARN__DUPLICATE_METHOD_MATCH = YES;
				COPY_PHASE_STRIP = NO;
				DEBUG_INFORMATION_FORMAT = dwarf;
				ENABLE_STRICT_OBJC_MSGSEND = YES;
				ENABLE_TESTABILITY = YES;
				GCC_C_LANGUAGE_STANDARD = gnu11;
				GCC_DYNAMIC_NO_PIC = NO;
				GCC_NO_COMMON_BLOCKS = YES;
				GCC_OPTIMIZATION_LEVEL = 0;
				GCC_PREPROCESSOR_DEFINITIONS = (
					"DEBUG=1",
					"$(inherited)",
				);
				GCC_WARN_64_TO_32_BIT_CONVERSION = YES;
				GCC_WARN_ABOUT_RETURN_TYPE = YES_ERROR;
				GCC_WARN_UNDECLARED_SELECTOR = YES;
				GCC_WARN_UNINITIALIZED_AUTOS = YES_AGGRESSIVE;
				GCC_WARN_UNUSED_FUNCTION = YES;
				GCC_WARN_UNUSED_VARIABLE = YES;
				IPHONEOS_DEPLOYMENT_TARGET = 14.3;
				MTL_ENABLE_DEBUG_INFO = INCLUDE_SOURCE;
				MTL_FAST_MATH = YES;
				ONLY_ACTIVE_ARCH = YES;
				SDKROOT = iphoneos;
				SWIFT_ACTIVE_COMPILATION_CONDITIONS = DEBUG;
				SWIFT_OPTIMIZATION_LEVEL = "-Onone";
			};
			name = Debug;
		};
		0460389C264FE01C005FC3DF /* Release */ = {
			isa = XCBuildConfiguration;
			buildSettings = {
				ALWAYS_SEARCH_USER_PATHS = NO;
				CLANG_ANALYZER_NONNULL = YES;
				CLANG_ANALYZER_NUMBER_OBJECT_CONVERSION = YES_AGGRESSIVE;
				CLANG_CXX_LANGUAGE_STANDARD = "gnu++14";
				CLANG_CXX_LIBRARY = "libc++";
				CLANG_ENABLE_MODULES = YES;
				CLANG_ENABLE_OBJC_ARC = YES;
				CLANG_ENABLE_OBJC_WEAK = YES;
				CLANG_WARN_BLOCK_CAPTURE_AUTORELEASING = YES;
				CLANG_WARN_BOOL_CONVERSION = YES;
				CLANG_WARN_COMMA = YES;
				CLANG_WARN_CONSTANT_CONVERSION = YES;
				CLANG_WARN_DEPRECATED_OBJC_IMPLEMENTATIONS = YES;
				CLANG_WARN_DIRECT_OBJC_ISA_USAGE = YES_ERROR;
				CLANG_WARN_DOCUMENTATION_COMMENTS = YES;
				CLANG_WARN_EMPTY_BODY = YES;
				CLANG_WARN_ENUM_CONVERSION = YES;
				CLANG_WARN_INFINITE_RECURSION = YES;
				CLANG_WARN_INT_CONVERSION = YES;
				CLANG_WARN_NON_LITERAL_NULL_CONVERSION = YES;
				CLANG_WARN_OBJC_IMPLICIT_RETAIN_SELF = YES;
				CLANG_WARN_OBJC_LITERAL_CONVERSION = YES;
				CLANG_WARN_OBJC_ROOT_CLASS = YES_ERROR;
				CLANG_WARN_QUOTED_INCLUDE_IN_FRAMEWORK_HEADER = YES;
				CLANG_WARN_RANGE_LOOP_ANALYSIS = YES;
				CLANG_WARN_STRICT_PROTOTYPES = YES;
				CLANG_WARN_SUSPICIOUS_MOVE = YES;
				CLANG_WARN_UNGUARDED_AVAILABILITY = YES_AGGRESSIVE;
				CLANG_WARN_UNREACHABLE_CODE = YES;
				CLANG_WARN__DUPLICATE_METHOD_MATCH = YES;
				COPY_PHASE_STRIP = NO;
				DEBUG_INFORMATION_FORMAT = "dwarf-with-dsym";
				ENABLE_NS_ASSERTIONS = NO;
				ENABLE_STRICT_OBJC_MSGSEND = YES;
				GCC_C_LANGUAGE_STANDARD = gnu11;
				GCC_NO_COMMON_BLOCKS = YES;
				GCC_WARN_64_TO_32_BIT_CONVERSION = YES;
				GCC_WARN_ABOUT_RETURN_TYPE = YES_ERROR;
				GCC_WARN_UNDECLARED_SELECTOR = YES;
				GCC_WARN_UNINITIALIZED_AUTOS = YES_AGGRESSIVE;
				GCC_WARN_UNUSED_FUNCTION = YES;
				GCC_WARN_UNUSED_VARIABLE = YES;
				IPHONEOS_DEPLOYMENT_TARGET = 14.3;
				MTL_ENABLE_DEBUG_INFO = NO;
				MTL_FAST_MATH = YES;
				SDKROOT = iphoneos;
				SWIFT_COMPILATION_MODE = wholemodule;
				SWIFT_OPTIMIZATION_LEVEL = "-O";
				VALIDATE_PRODUCT = YES;
			};
			name = Release;
		};
		0460389E264FE01C005FC3DF /* Debug */ = {
			isa = XCBuildConfiguration;
			buildSettings = {
				ASSETCATALOG_COMPILER_APPICON_NAME = AppIcon;
				ASSETCATALOG_COMPILER_GLOBAL_ACCENT_COLOR_NAME = AccentColor;
				CODE_SIGN_STYLE = Automatic;
				DEVELOPMENT_ASSET_PATHS = "\"weatherapi/Preview Content\"";
				ENABLE_PREVIEWS = YES;
				INFOPLIST_FILE = weatherapi/Info.plist;
				LD_RUNPATH_SEARCH_PATHS = (
					"$(inherited)",
					"@executable_path/Frameworks",
				);
				PRODUCT_BUNDLE_IDENTIFIER = com.siddesh.weatherapi;
				PRODUCT_NAME = "$(TARGET_NAME)";
				SWIFT_VERSION = 5.0;
				TARGETED_DEVICE_FAMILY = "1,2";
			};
			name = Debug;
		};
		0460389F264FE01C005FC3DF /* Release */ = {
			isa = XCBuildConfiguration;
			buildSettings = {
				ASSETCATALOG_COMPILER_APPICON_NAME = AppIcon;
				ASSETCATALOG_COMPILER_GLOBAL_ACCENT_COLOR_NAME = AccentColor;
				CODE_SIGN_STYLE = Automatic;
				DEVELOPMENT_ASSET_PATHS = "\"weatherapi/Preview Content\"";
				ENABLE_PREVIEWS = YES;
				INFOPLIST_FILE = weatherapi/Info.plist;
				LD_RUNPATH_SEARCH_PATHS = (
					"$(inherited)",
					"@executable_path/Frameworks",
				);
				PRODUCT_BUNDLE_IDENTIFIER = com.siddesh.weatherapi;
				PRODUCT_NAME = "$(TARGET_NAME)";
				SWIFT_VERSION = 5.0;
				TARGETED_DEVICE_FAMILY = "1,2";
			};
			name = Release;
		};
/* End XCBuildConfiguration section */

/* Begin XCConfigurationList section */
		04603884264FE01B005FC3DF /* Build configuration list for PBXProject "weatherapi" */ = {
			isa = XCConfigurationList;
			buildConfigurations = (
				0460389B264FE01C005FC3DF /* Debug */,
				0460389C264FE01C005FC3DF /* Release */,
			);
			defaultConfigurationIsVisible = 0;
			defaultConfigurationName = Release;
		};
		0460389D264FE01C005FC3DF /* Build configuration list for PBXNativeTarget "weatherapi" */ = {
			isa = XCConfigurationList;
			buildConfigurations = (
				0460389E264FE01C005FC3DF /* Debug */,
				0460389F264FE01C005FC3DF /* Release */,
			);
			defaultConfigurationIsVisible = 0;
			defaultConfigurationName = Release;
		};
/* End XCConfigurationList section */
	};
	rootObject = 04603881264FE01B005FC3DF /* Project object */;
}
